{
  "requires": true,
  "lockfileVersion": 1,
  "dependencies": {
    "@vkontakte/vk-bridge": {
      "version": "2.2.6",
      "resolved": "https://registry.npmjs.org/@vkontakte/vk-bridge/-/vk-bridge-2.2.6.tgz",
      "integrity": "sha512-jpcSnvJHL79g7j3ibqbwvBB0LRwuUvuGlOY2NTO20P0lctUazkTSUbMtUS0V7DwGjX1oZvdRvMUKrDvw6aAjnQ=="
    },
    "simplex-noise": {
      "version": "2.4.0",
      "resolved": "https://registry.npmjs.org/simplex-noise/-/simplex-noise-2.4.0.tgz",
      "integrity": "sha512-OjyDWm/QZjVbMrPxDVi9b2as+SeNn9EBXlrWVRlFW+TSyWMSXouDryXkQN0vf5YP+QZKobrmkvx1eQYPLtuqfw=="
    }
  }
}
