{
  "requires": true,
  "lockfileVersion": 1,
  "dependencies": {
    "@vkontakte/vk-bridge": {
      "version": "2.2.5",
      "resolved": "https://registry.npmjs.org/@vkontakte/vk-bridge/-/vk-bridge-2.2.5.tgz",
      "integrity": "sha512-hATwq0QXl+8TOiDtTiaE3rdGs//5O7W2w2fyihloqr/5pmLMueY8/9AM54SHnHu9EF2wx8cdfrOM2W1GC0jQ2w=="
    }
  }
}
