{
  "requires": true,
  "lockfileVersion": 1,
  "dependencies": {
    "@vkontakte/vk-bridge": {
      "version": "2.2.6",
      "resolved": "https://registry.npmjs.org/@vkontakte/vk-bridge/-/vk-bridge-2.2.6.tgz",
      "integrity": "sha512-jpcSnvJHL79g7j3ibqbwvBB0LRwuUvuGlOY2NTO20P0lctUazkTSUbMtUS0V7DwGjX1oZvdRvMUKrDvw6aAjnQ=="
    }
  }
}
